github.com/cloudfoundry-incubator/runtime-schema	72a3a7493e142779861d3df11b11a1bd5f84e7b4
github.com/cloudfoundry/gunk	b548667c85230c2ab374dc53fa1e6528ad23817b
github.com/cloudfoundry/storeadapter	de3d7308ac09308db0c99c6d56b8a28f6649ddff
github.com/cloudfoundry/gosteno	e5bd98f9075071b95aecef26c7d5aa1ee2cd682d
github.com/vito/gordon	03213627ae6d64e48685b2e4c7048ff412edf05d
bitbucket.org/kardianos/osext	364fb577de68
code.google.com/p/gogoprotobuf/proto	5ad34ffef55c3655a6ca3f46adf798484c3e1e2e
github.com/coreos/go-etcd/etcd	5c0151c64399ff9a8087c2e29ae96145ede7cfc2
github.com/coreos/go-log/log	70d039bee4b0e389e5be560491d8291708506f59
github.com/coreos/go-systemd/dbus	c1c169559e59e8f0a6b36edb74050dfdbccfe231
github.com/nu7hatch/gouuid	179d4d0c4d8d407a32af483c2354df1d2c91e6c3
github.com/samuel/go-zookeeper/zk	897888e14f7bd6c1c9a70e2973d0f5fbdb28bde0
github.com/onsi/ginkgo	7083fb7612a8bc8ef9a48c35b8364fd06fadf9ad
github.com/onsi/gomega	907e6fbe579ce639d5f28e6b21321e41ab0a8934
github.com/coreos/etcd	0b9c5c975e0f6e4aa4f0c7bf05961e546786dc2e
