github.com/cloudfoundry-incubator/runtime-schema	cfec1af34d99808a6163e2b6a5a97915d644f68a
github.com/cloudfoundry/gunk	b548667c85230c2ab374dc53fa1e6528ad23817b
github.com/cloudfoundry/storeadapter	de3d7308ac09308db0c99c6d56b8a28f6649ddff
bitbucket.org/kardianos/osext	364fb577de68
code.google.com/p/gogoprotobuf/proto	a35ad7295e7ff41bc6a5e625e5e17486845cc225
github.com/coreos/go-etcd/etcd	5c0151c64399ff9a8087c2e29ae96145ede7cfc2
github.com/coreos/go-log/log	70d039bee4b0e389e5be560491d8291708506f59
github.com/coreos/go-systemd	ae95250ce5abe29f1af2a737caabbfdb561918c0
github.com/nu7hatch/gouuid	179d4d0c4d8d407a32af483c2354df1d2c91e6c3
github.com/samuel/go-zookeeper/zk	897888e14f7bd6c1c9a70e2973d0f5fbdb28bde0
github.com/vito/gordon	dd0fca5043eb28525a337f607a3e1a1963166634
github.com/cloudfoundry/gosteno	e5bd98f9075071b95aecef26c7d5aa1ee2cd682d
github.com/onsi/ginkgo	c6d536e4cd9a6081767209fed9807811949a4033
github.com/onsi/gomega	d7685fbd45fb7bef327b43ca2781368c68bf72b7
github.com/coreos/etcd	1b00c449a5b0ea26b6877278b278da9b3a9e6651
